
Microsoft Visual Studio Solution File, Format Version 12.00
# Visual Studio 2013
VisualStudioVersion = 12.0.31101.0
MinimumVisualStudioVersion = 10.0.40219.1
Project("{FAE04EC0-301F-11D3-BF4B-00C04F79EFBC}") = "ZQNB.Web", "ZQNB.Web\ZQNB.Web.csproj", "{529F8C0F-2CF4-4133-82F9-94BC4B0C02F0}"
EndProject
Project("{FAE04EC0-301F-11D3-BF4B-00C04F79EFBC}") = "ZQNB.Common", "ZQNB.Common\ZQNB.Common.csproj", "{D84A2769-1E24-44DC-A7B2-5BE8FC848606}"
EndProject
Global
	GlobalSection(SolutionConfigurationPlatforms) = preSolution
		Debug|Any CPU = Debug|Any CPU
		Release|Any CPU = Release|Any CPU
	EndGlobalSection
	GlobalSection(ProjectConfigurationPlatforms) = postSolution
		{529F8C0F-2CF4-4133-82F9-94BC4B0C02F0}.Debug|Any CPU.ActiveCfg = Debug|Any CPU
		{529F8C0F-2CF4-4133-82F9-94BC4B0C02F0}.Debug|Any CPU.Build.0 = Debug|Any CPU
		{529F8C0F-2CF4-4133-82F9-94BC4B0C02F0}.Release|Any CPU.ActiveCfg = Release|Any CPU
		{529F8C0F-2CF4-4133-82F9-94BC4B0C02F0}.Release|Any CPU.Build.0 = Release|Any CPU
		{D84A2769-1E24-44DC-A7B2-5BE8FC848606}.Debug|Any CPU.ActiveCfg = Debug|Any CPU
		{D84A2769-1E24-44DC-A7B2-5BE8FC848606}.Debug|Any CPU.Build.0 = Debug|Any CPU
		{D84A2769-1E24-44DC-A7B2-5BE8FC848606}.Release|Any CPU.ActiveCfg = Release|Any CPU
		{D84A2769-1E24-44DC-A7B2-5BE8FC848606}.Release|Any CPU.Build.0 = Release|Any CPU
	EndGlobalSection
	GlobalSection(SolutionProperties) = preSolution
		HideSolutionNode = FALSE
	EndGlobalSection
EndGlobal
